
Microsoft Visual Studio Solution File, Format Version 12.00
# Visual Studio 15
Project("{FAE04EC0-301F-11D3-BF4B-00C04F79EFBC}") = "UnityEngine.UI", "UnityEngine.UI.csproj", "{77550E88-AC3B-AC91-778C-39F94D301F3D}"
EndProject
Project("{FAE04EC0-301F-11D3-BF4B-00C04F79EFBC}") = "UnityEngine.TestRunner", "UnityEngine.TestRunner.csproj", "{184CBC46-5684-A35B-17BD-0F7CDD4014B3}"
EndProject
Project("{FAE04EC0-301F-11D3-BF4B-00C04F79EFBC}") = "Unity.VisualScripting.Flow", "Unity.VisualScripting.Flow.csproj", "{7540E6DB-95C6-D387-9C1B-44031A4ECF34}"
EndProject
Project("{FAE04EC0-301F-11D3-BF4B-00C04F79EFBC}") = "Unity.VisualScripting.State", "Unity.VisualScripting.State.csproj", "{7554A39E-D822-20E5-CA83-862F12CF89DB}"
EndProject
Project("{FAE04EC0-301F-11D3-BF4B-00C04F79EFBC}") = "Unity.VisualScripting.Core", "Unity.VisualScripting.Core.csproj", "{D8932830-5E19-8BA2-0033-A5F25A2FF54D}"
EndProject
Project("{FAE04EC0-301F-11D3-BF4B-00C04F79EFBC}") = "Unity.TextMeshPro", "Unity.TextMeshPro.csproj", "{C84D3142-E563-0DA2-9EA1-B133C63D6000}"
EndProject
Project("{FAE04EC0-301F-11D3-BF4B-00C04F79EFBC}") = "Unity.Timeline", "Unity.Timeline.csproj", "{305C69F5-567A-48F7-5EA6-A83364C0DA06}"
EndProject
Project("{FAE04EC0-301F-11D3-BF4B-00C04F79EFBC}") = "Assembly-CSharp", "Assembly-CSharp.csproj", "{AFF8011C-899F-99D2-AA69-E1CB106178EB}"
EndProject
Project("{FAE04EC0-301F-11D3-BF4B-00C04F79EFBC}") = "Unity.PlasticSCM.Editor", "Unity.PlasticSCM.Editor.csproj", "{1D4468A2-2179-8802-CC2C-BFBFD81197E3}"
EndProject
Project("{FAE04EC0-301F-11D3-BF4B-00C04F79EFBC}") = "Unity.VisualScripting.Core.Editor", "Unity.VisualScripting.Core.Editor.csproj", "{9299321E-BC88-D215-31BF-E6CD8C8411D3}"
EndProject
Project("{FAE04EC0-301F-11D3-BF4B-00C04F79EFBC}") = "Unity.VisualScripting.Flow.Editor", "Unity.VisualScripting.Flow.Editor.csproj", "{ADF79BBC-671D-32DA-6D4D-82077979E458}"
EndProject
Project("{FAE04EC0-301F-11D3-BF4B-00C04F79EFBC}") = "Unity.VisualStudio.Editor", "Unity.VisualStudio.Editor.csproj", "{B48F010F-65C7-CC17-F1E2-F64C418C138D}"
EndProject
Project("{FAE04EC0-301F-11D3-BF4B-00C04F79EFBC}") = "Unity.Timeline.Editor", "Unity.Timeline.Editor.csproj", "{0EF29CC8-8A6A-B50C-C5E5-3D641E88AFC3}"
EndProject
Project("{FAE04EC0-301F-11D3-BF4B-00C04F79EFBC}") = "Unity.VisualScripting.State.Editor", "Unity.VisualScripting.State.Editor.csproj", "{FE0B7123-E8B8-5DEA-04B3-3DEEFCC19DD7}"
EndProject
Project("{FAE04EC0-301F-11D3-BF4B-00C04F79EFBC}") = "Unity.TextMeshPro.Editor", "Unity.TextMeshPro.Editor.csproj", "{8197C4E5-1751-AFA5-041E-578A957B060A}"
EndProject
Project("{FAE04EC0-301F-11D3-BF4B-00C04F79EFBC}") = "Unity.VisualScripting.SettingsProvider.Editor", "Unity.VisualScripting.SettingsProvider.Editor.csproj", "{C65C5562-3950-BA83-CF90-8CC91DE636E1}"
EndProject
Project("{FAE04EC0-301F-11D3-BF4B-00C04F79EFBC}") = "UnityEditor.TestRunner", "UnityEditor.TestRunner.csproj", "{B8C354FD-A42D-0AF4-3D16-4E1EAC312871}"
EndProject
Project("{FAE04EC0-301F-11D3-BF4B-00C04F79EFBC}") = "Unity.TestTools.CodeCoverage.Editor", "Unity.TestTools.CodeCoverage.Editor.csproj", "{27DCAD01-986F-51EE-B87B-746A365B512C}"
EndProject
Project("{FAE04EC0-301F-11D3-BF4B-00C04F79EFBC}") = "Unity.Rider.Editor", "Unity.Rider.Editor.csproj", "{A6BC2375-C22B-51CE-6002-B32E63593ADA}"
EndProject
Project("{FAE04EC0-301F-11D3-BF4B-00C04F79EFBC}") = "Unity.Performance.Profile-Analyzer.Editor", "Unity.Performance.Profile-Analyzer.Editor.csproj", "{E861FB73-9BD2-E77F-DF45-393016908E16}"
EndProject
Project("{FAE04EC0-301F-11D3-BF4B-00C04F79EFBC}") = "Unity.VSCode.Editor", "Unity.VSCode.Editor.csproj", "{4F41B32B-1749-9555-C305-EC238A687112}"
EndProject
Project("{FAE04EC0-301F-11D3-BF4B-00C04F79EFBC}") = "UnityEditor.UI", "UnityEditor.UI.csproj", "{3E5F70F4-C8C5-5195-0CAF-14C188ADC57C}"
EndProject
Project("{FAE04EC0-301F-11D3-BF4B-00C04F79EFBC}") = "Unity.TestTools.CodeCoverage.Editor.OpenCover.Model", "Unity.TestTools.CodeCoverage.Editor.OpenCover.Model.csproj", "{FEE682CC-2730-E434-118C-DD9850DB1A36}"
EndProject
Project("{FAE04EC0-301F-11D3-BF4B-00C04F79EFBC}") = "Unity.EditorCoroutines.Editor", "Unity.EditorCoroutines.Editor.csproj", "{A068D139-BCA0-AF6E-7B88-38CED7CC8037}"
EndProject
Project("{FAE04EC0-301F-11D3-BF4B-00C04F79EFBC}") = "Unity.Settings.Editor", "Unity.Settings.Editor.csproj", "{E527792C-6C36-174D-0198-EF90EEAC2BC3}"
EndProject
Project("{FAE04EC0-301F-11D3-BF4B-00C04F79EFBC}") = "Unity.CollabProxy.Editor", "Unity.CollabProxy.Editor.csproj", "{8FF96FA7-61BA-C229-4C94-D6407151862F}"
EndProject
Project("{FAE04EC0-301F-11D3-BF4B-00C04F79EFBC}") = "Unity.TestTools.CodeCoverage.Editor.OpenCover.Mono.Reflection", "Unity.TestTools.CodeCoverage.Editor.OpenCover.Mono.Reflection.csproj", "{15FBBB76-23C7-384A-BE70-09693CC80CC8}"
EndProject
Project("{FAE04EC0-301F-11D3-BF4B-00C04F79EFBC}") = "Unity.VisualScripting.Shared.Editor", "Unity.VisualScripting.Shared.Editor.csproj", "{5625A50D-61D2-C743-42FE-D50A42E5482B}"
EndProject
Project("{FAE04EC0-301F-11D3-BF4B-00C04F79EFBC}") = "Unity.2D.Sprite.Editor", "Unity.2D.Sprite.Editor.csproj", "{7774FB1C-319C-EDA5-CB33-98D54C03BEBF}"
EndProject
Project("{FAE04EC0-301F-11D3-BF4B-00C04F79EFBC}") = "UnityEngine.UI", "UnityEngine.UI.Player.csproj", "{0BB0C7A4-CF8B-2B80-C9BD-18115033DFAF}"
EndProject
Project("{FAE04EC0-301F-11D3-BF4B-00C04F79EFBC}") = "UnityEngine.TestRunner", "UnityEngine.TestRunner.Player.csproj", "{589C05EF-F6C8-5A77-6C33-D943E93CDE95}"
EndProject
Project("{FAE04EC0-301F-11D3-BF4B-00C04F79EFBC}") = "Unity.VisualScripting.Flow", "Unity.VisualScripting.Flow.Player.csproj", "{6E2E463A-94C4-CEF9-3C11-CBBDEF24C47C}"
EndProject
Project("{FAE04EC0-301F-11D3-BF4B-00C04F79EFBC}") = "Unity.VisualScripting.State", "Unity.VisualScripting.State.Player.csproj", "{BFEB8178-C535-1B47-DC7C-34E36552CD8D}"
EndProject
Project("{FAE04EC0-301F-11D3-BF4B-00C04F79EFBC}") = "Unity.VisualScripting.Core", "Unity.VisualScripting.Core.Player.csproj", "{712F587C-FC4A-8601-E876-BF54E9CD8D44}"
EndProject
Project("{FAE04EC0-301F-11D3-BF4B-00C04F79EFBC}") = "Unity.TextMeshPro", "Unity.TextMeshPro.Player.csproj", "{EA652B31-9E95-D867-3BE9-929A365E6961}"
EndProject
Project("{FAE04EC0-301F-11D3-BF4B-00C04F79EFBC}") = "Unity.Timeline", "Unity.Timeline.Player.csproj", "{D8063828-EDEB-1357-68DB-6BFB33426413}"
EndProject
Project("{FAE04EC0-301F-11D3-BF4B-00C04F79EFBC}") = "Assembly-CSharp", "Assembly-CSharp.Player.csproj", "{D281D58A-7E7B-64E0-2732-BAC02F41E3ED}"
EndProject
Global
	GlobalSection(SolutionConfigurationPlatforms) = preSolution
		Debug|Any CPU = Debug|Any CPU
		Release|Any CPU = Release|Any CPU
	EndGlobalSection
	GlobalSection(ProjectConfigurationPlatforms) = postSolution
		{77550E88-AC3B-AC91-778C-39F94D301F3D}.Debug|Any CPU.ActiveCfg = Debug|Any CPU
		{77550E88-AC3B-AC91-778C-39F94D301F3D}.Debug|Any CPU.Build.0 = Debug|Any CPU
		{77550E88-AC3B-AC91-778C-39F94D301F3D}.Release|Any CPU.ActiveCfg = Release|Any CPU
		{77550E88-AC3B-AC91-778C-39F94D301F3D}.Release|Any CPU.Build.0 = Release|Any CPU
		{184CBC46-5684-A35B-17BD-0F7CDD4014B3}.Debug|Any CPU.ActiveCfg = Debug|Any CPU
		{184CBC46-5684-A35B-17BD-0F7CDD4014B3}.Debug|Any CPU.Build.0 = Debug|Any CPU
		{184CBC46-5684-A35B-17BD-0F7CDD4014B3}.Release|Any CPU.ActiveCfg = Release|Any CPU
		{184CBC46-5684-A35B-17BD-0F7CDD4014B3}.Release|Any CPU.Build.0 = Release|Any CPU
		{7540E6DB-95C6-D387-9C1B-44031A4ECF34}.Debug|Any CPU.ActiveCfg = Debug|Any CPU
		{7540E6DB-95C6-D387-9C1B-44031A4ECF34}.Debug|Any CPU.Build.0 = Debug|Any CPU
		{7540E6DB-95C6-D387-9C1B-44031A4ECF34}.Release|Any CPU.ActiveCfg = Release|Any CPU
		{7540E6DB-95C6-D387-9C1B-44031A4ECF34}.Release|Any CPU.Build.0 = Release|Any CPU
		{7554A39E-D822-20E5-CA83-862F12CF89DB}.Debug|Any CPU.ActiveCfg = Debug|Any CPU
		{7554A39E-D822-20E5-CA83-862F12CF89DB}.Debug|Any CPU.Build.0 = Debug|Any CPU
		{7554A39E-D822-20E5-CA83-862F12CF89DB}.Release|Any CPU.ActiveCfg = Release|Any CPU
		{7554A39E-D822-20E5-CA83-862F12CF89DB}.Release|Any CPU.Build.0 = Release|Any CPU
		{D8932830-5E19-8BA2-0033-A5F25A2FF54D}.Debug|Any CPU.ActiveCfg = Debug|Any CPU
		{D8932830-5E19-8BA2-0033-A5F25A2FF54D}.Debug|Any CPU.Build.0 = Debug|Any CPU
		{D8932830-5E19-8BA2-0033-A5F25A2FF54D}.Release|Any CPU.ActiveCfg = Release|Any CPU
		{D8932830-5E19-8BA2-0033-A5F25A2FF54D}.Release|Any CPU.Build.0 = Release|Any CPU
		{C84D3142-E563-0DA2-9EA1-B133C63D6000}.Debug|Any CPU.ActiveCfg = Debug|Any CPU
		{C84D3142-E563-0DA2-9EA1-B133C63D6000}.Debug|Any CPU.Build.0 = Debug|Any CPU
		{C84D3142-E563-0DA2-9EA1-B133C63D6000}.Release|Any CPU.ActiveCfg = Release|Any CPU
		{C84D3142-E563-0DA2-9EA1-B133C63D6000}.Release|Any CPU.Build.0 = Release|Any CPU
		{305C69F5-567A-48F7-5EA6-A83364C0DA06}.Debug|Any CPU.ActiveCfg = Debug|Any CPU
		{305C69F5-567A-48F7-5EA6-A83364C0DA06}.Debug|Any CPU.Build.0 = Debug|Any CPU
		{305C69F5-567A-48F7-5EA6-A83364C0DA06}.Release|Any CPU.ActiveCfg = Release|Any CPU
		{305C69F5-567A-48F7-5EA6-A83364C0DA06}.Release|Any CPU.Build.0 = Release|Any CPU
		{AFF8011C-899F-99D2-AA69-E1CB106178EB}.Debug|Any CPU.ActiveCfg = Debug|Any CPU
		{AFF8011C-899F-99D2-AA69-E1CB106178EB}.Debug|Any CPU.Build.0 = Debug|Any CPU
		{AFF8011C-899F-99D2-AA69-E1CB106178EB}.Release|Any CPU.ActiveCfg = Release|Any CPU
		{AFF8011C-899F-99D2-AA69-E1CB106178EB}.Release|Any CPU.Build.0 = Release|Any CPU
		{1D4468A2-2179-8802-CC2C-BFBFD81197E3}.Debug|Any CPU.ActiveCfg = Debug|Any CPU
		{1D4468A2-2179-8802-CC2C-BFBFD81197E3}.Debug|Any CPU.Build.0 = Debug|Any CPU
		{1D4468A2-2179-8802-CC2C-BFBFD81197E3}.Release|Any CPU.ActiveCfg = Release|Any CPU
		{1D4468A2-2179-8802-CC2C-BFBFD81197E3}.Release|Any CPU.Build.0 = Release|Any CPU
		{9299321E-BC88-D215-31BF-E6CD8C8411D3}.Debug|Any CPU.ActiveCfg = Debug|Any CPU
		{9299321E-BC88-D215-31BF-E6CD8C8411D3}.Debug|Any CPU.Build.0 = Debug|Any CPU
		{9299321E-BC88-D215-31BF-E6CD8C8411D3}.Release|Any CPU.ActiveCfg = Release|Any CPU
		{9299321E-BC88-D215-31BF-E6CD8C8411D3}.Release|Any CPU.Build.0 = Release|Any CPU
		{ADF79BBC-671D-32DA-6D4D-82077979E458}.Debug|Any CPU.ActiveCfg = Debug|Any CPU
		{ADF79BBC-671D-32DA-6D4D-82077979E458}.Debug|Any CPU.Build.0 = Debug|Any CPU
		{ADF79BBC-671D-32DA-6D4D-82077979E458}.Release|Any CPU.ActiveCfg = Release|Any CPU
		{ADF79BBC-671D-32DA-6D4D-82077979E458}.Release|Any CPU.Build.0 = Release|Any CPU
		{B48F010F-65C7-CC17-F1E2-F64C418C138D}.Debug|Any CPU.ActiveCfg = Debug|Any CPU
		{B48F010F-65C7-CC17-F1E2-F64C418C138D}.Debug|Any CPU.Build.0 = Debug|Any CPU
		{B48F010F-65C7-CC17-F1E2-F64C418C138D}.Release|Any CPU.ActiveCfg = Release|Any CPU
		{B48F010F-65C7-CC17-F1E2-F64C418C138D}.Release|Any CPU.Build.0 = Release|Any CPU
		{0EF29CC8-8A6A-B50C-C5E5-3D641E88AFC3}.Debug|Any CPU.ActiveCfg = Debug|Any CPU
		{0EF29CC8-8A6A-B50C-C5E5-3D641E88AFC3}.Debug|Any CPU.Build.0 = Debug|Any CPU
		{0EF29CC8-8A6A-B50C-C5E5-3D641E88AFC3}.Release|Any CPU.ActiveCfg = Release|Any CPU
		{0EF29CC8-8A6A-B50C-C5E5-3D641E88AFC3}.Release|Any CPU.Build.0 = Release|Any CPU
		{FE0B7123-E8B8-5DEA-04B3-3DEEFCC19DD7}.Debug|Any CPU.ActiveCfg = Debug|Any CPU
		{FE0B7123-E8B8-5DEA-04B3-3DEEFCC19DD7}.Debug|Any CPU.Build.0 = Debug|Any CPU
		{FE0B7123-E8B8-5DEA-04B3-3DEEFCC19DD7}.Release|Any CPU.ActiveCfg = Release|Any CPU
		{FE0B7123-E8B8-5DEA-04B3-3DEEFCC19DD7}.Release|Any CPU.Build.0 = Release|Any CPU
		{8197C4E5-1751-AFA5-041E-578A957B060A}.Debug|Any CPU.ActiveCfg = Debug|Any CPU
		{8197C4E5-1751-AFA5-041E-578A957B060A}.Debug|Any CPU.Build.0 = Debug|Any CPU
		{8197C4E5-1751-AFA5-041E-578A957B060A}.Release|Any CPU.ActiveCfg = Release|Any CPU
		{8197C4E5-1751-AFA5-041E-578A957B060A}.Release|Any CPU.Build.0 = Release|Any CPU
		{C65C5562-3950-BA83-CF90-8CC91DE636E1}.Debug|Any CPU.ActiveCfg = Debug|Any CPU
		{C65C5562-3950-BA83-CF90-8CC91DE636E1}.Debug|Any CPU.Build.0 = Debug|Any CPU
		{C65C5562-3950-BA83-CF90-8CC91DE636E1}.Release|Any CPU.ActiveCfg = Release|Any CPU
		{C65C5562-3950-BA83-CF90-8CC91DE636E1}.Release|Any CPU.Build.0 = Release|Any CPU
		{B8C354FD-A42D-0AF4-3D16-4E1EAC312871}.Debug|Any CPU.ActiveCfg = Debug|Any CPU
		{B8C354FD-A42D-0AF4-3D16-4E1EAC312871}.Debug|Any CPU.Build.0 = Debug|Any CPU
		{B8C354FD-A42D-0AF4-3D16-4E1EAC312871}.Release|Any CPU.ActiveCfg = Release|Any CPU
		{B8C354FD-A42D-0AF4-3D16-4E1EAC312871}.Release|Any CPU.Build.0 = Release|Any CPU
		{27DCAD01-986F-51EE-B87B-746A365B512C}.Debug|Any CPU.ActiveCfg = Debug|Any CPU
		{27DCAD01-986F-51EE-B87B-746A365B512C}.Debug|Any CPU.Build.0 = Debug|Any CPU
		{27DCAD01-986F-51EE-B87B-746A365B512C}.Release|Any CPU.ActiveCfg = Release|Any CPU
		{27DCAD01-986F-51EE-B87B-746A365B512C}.Release|Any CPU.Build.0 = Release|Any CPU
		{A6BC2375-C22B-51CE-6002-B32E63593ADA}.Debug|Any CPU.ActiveCfg = Debug|Any CPU
		{A6BC2375-C22B-51CE-6002-B32E63593ADA}.Debug|Any CPU.Build.0 = Debug|Any CPU
		{A6BC2375-C22B-51CE-6002-B32E63593ADA}.Release|Any CPU.ActiveCfg = Release|Any CPU
		{A6BC2375-C22B-51CE-6002-B32E63593ADA}.Release|Any CPU.Build.0 = Release|Any CPU
		{E861FB73-9BD2-E77F-DF45-393016908E16}.Debug|Any CPU.ActiveCfg = Debug|Any CPU
		{E861FB73-9BD2-E77F-DF45-393016908E16}.Debug|Any CPU.Build.0 = Debug|Any CPU
		{E861FB73-9BD2-E77F-DF45-393016908E16}.Release|Any CPU.ActiveCfg = Release|Any CPU
		{E861FB73-9BD2-E77F-DF45-393016908E16}.Release|Any CPU.Build.0 = Release|Any CPU
		{4F41B32B-1749-9555-C305-EC238A687112}.Debug|Any CPU.ActiveCfg = Debug|Any CPU
		{4F41B32B-1749-9555-C305-EC238A687112}.Debug|Any CPU.Build.0 = Debug|Any CPU
		{4F41B32B-1749-9555-C305-EC238A687112}.Release|Any CPU.ActiveCfg = Release|Any CPU
		{4F41B32B-1749-9555-C305-EC238A687112}.Release|Any CPU.Build.0 = Release|Any CPU
		{3E5F70F4-C8C5-5195-0CAF-14C188ADC57C}.Debug|Any CPU.ActiveCfg = Debug|Any CPU
		{3E5F70F4-C8C5-5195-0CAF-14C188ADC57C}.Debug|Any CPU.Build.0 = Debug|Any CPU
		{3E5F70F4-C8C5-5195-0CAF-14C188ADC57C}.Release|Any CPU.ActiveCfg = Release|Any CPU
		{3E5F70F4-C8C5-5195-0CAF-14C188ADC57C}.Release|Any CPU.Build.0 = Release|Any CPU
		{FEE682CC-2730-E434-118C-DD9850DB1A36}.Debug|Any CPU.ActiveCfg = Debug|Any CPU
		{FEE682CC-2730-E434-118C-DD9850DB1A36}.Debug|Any CPU.Build.0 = Debug|Any CPU
		{FEE682CC-2730-E434-118C-DD9850DB1A36}.Release|Any CPU.ActiveCfg = Release|Any CPU
		{FEE682CC-2730-E434-118C-DD9850DB1A36}.Release|Any CPU.Build.0 = Release|Any CPU
		{A068D139-BCA0-AF6E-7B88-38CED7CC8037}.Debug|Any CPU.ActiveCfg = Debug|Any CPU
		{A068D139-BCA0-AF6E-7B88-38CED7CC8037}.Debug|Any CPU.Build.0 = Debug|Any CPU
		{A068D139-BCA0-AF6E-7B88-38CED7CC8037}.Release|Any CPU.ActiveCfg = Release|Any CPU
		{A068D139-BCA0-AF6E-7B88-38CED7CC8037}.Release|Any CPU.Build.0 = Release|Any CPU
		{E527792C-6C36-174D-0198-EF90EEAC2BC3}.Debug|Any CPU.ActiveCfg = Debug|Any CPU
		{E527792C-6C36-174D-0198-EF90EEAC2BC3}.Debug|Any CPU.Build.0 = Debug|Any CPU
		{E527792C-6C36-174D-0198-EF90EEAC2BC3}.Release|Any CPU.ActiveCfg = Release|Any CPU
		{E527792C-6C36-174D-0198-EF90EEAC2BC3}.Release|Any CPU.Build.0 = Release|Any CPU
		{8FF96FA7-61BA-C229-4C94-D6407151862F}.Debug|Any CPU.ActiveCfg = Debug|Any CPU
		{8FF96FA7-61BA-C229-4C94-D6407151862F}.Debug|Any CPU.Build.0 = Debug|Any CPU
		{8FF96FA7-61BA-C229-4C94-D6407151862F}.Release|Any CPU.ActiveCfg = Release|Any CPU
		{8FF96FA7-61BA-C229-4C94-D6407151862F}.Release|Any CPU.Build.0 = Release|Any CPU
		{15FBBB76-23C7-384A-BE70-09693CC80CC8}.Debug|Any CPU.ActiveCfg = Debug|Any CPU
		{15FBBB76-23C7-384A-BE70-09693CC80CC8}.Debug|Any CPU.Build.0 = Debug|Any CPU
		{15FBBB76-23C7-384A-BE70-09693CC80CC8}.Release|Any CPU.ActiveCfg = Release|Any CPU
		{15FBBB76-23C7-384A-BE70-09693CC80CC8}.Release|Any CPU.Build.0 = Release|Any CPU
		{5625A50D-61D2-C743-42FE-D50A42E5482B}.Debug|Any CPU.ActiveCfg = Debug|Any CPU
		{5625A50D-61D2-C743-42FE-D50A42E5482B}.Debug|Any CPU.Build.0 = Debug|Any CPU
		{5625A50D-61D2-C743-42FE-D50A42E5482B}.Release|Any CPU.ActiveCfg = Release|Any CPU
		{5625A50D-61D2-C743-42FE-D50A42E5482B}.Release|Any CPU.Build.0 = Release|Any CPU
		{7774FB1C-319C-EDA5-CB33-98D54C03BEBF}.Debug|Any CPU.ActiveCfg = Debug|Any CPU
		{7774FB1C-319C-EDA5-CB33-98D54C03BEBF}.Debug|Any CPU.Build.0 = Debug|Any CPU
		{7774FB1C-319C-EDA5-CB33-98D54C03BEBF}.Release|Any CPU.ActiveCfg = Release|Any CPU
		{7774FB1C-319C-EDA5-CB33-98D54C03BEBF}.Release|Any CPU.Build.0 = Release|Any CPU
		{0BB0C7A4-CF8B-2B80-C9BD-18115033DFAF}.Debug|Any CPU.ActiveCfg = Debug|Any CPU
		{0BB0C7A4-CF8B-2B80-C9BD-18115033DFAF}.Debug|Any CPU.Build.0 = Debug|Any CPU
		{0BB0C7A4-CF8B-2B80-C9BD-18115033DFAF}.Release|Any CPU.ActiveCfg = Release|Any CPU
		{0BB0C7A4-CF8B-2B80-C9BD-18115033DFAF}.Release|Any CPU.Build.0 = Release|Any CPU
		{589C05EF-F6C8-5A77-6C33-D943E93CDE95}.Debug|Any CPU.ActiveCfg = Debug|Any CPU
		{589C05EF-F6C8-5A77-6C33-D943E93CDE95}.Debug|Any CPU.Build.0 = Debug|Any CPU
		{589C05EF-F6C8-5A77-6C33-D943E93CDE95}.Release|Any CPU.ActiveCfg = Release|Any CPU
		{589C05EF-F6C8-5A77-6C33-D943E93CDE95}.Release|Any CPU.Build.0 = Release|Any CPU
		{6E2E463A-94C4-CEF9-3C11-CBBDEF24C47C}.Debug|Any CPU.ActiveCfg = Debug|Any CPU
		{6E2E463A-94C4-CEF9-3C11-CBBDEF24C47C}.Debug|Any CPU.Build.0 = Debug|Any CPU
		{6E2E463A-94C4-CEF9-3C11-CBBDEF24C47C}.Release|Any CPU.ActiveCfg = Release|Any CPU
		{6E2E463A-94C4-CEF9-3C11-CBBDEF24C47C}.Release|Any CPU.Build.0 = Release|Any CPU
		{BFEB8178-C535-1B47-DC7C-34E36552CD8D}.Debug|Any CPU.ActiveCfg = Debug|Any CPU
		{BFEB8178-C535-1B47-DC7C-34E36552CD8D}.Debug|Any CPU.Build.0 = Debug|Any CPU
		{BFEB8178-C535-1B47-DC7C-34E36552CD8D}.Release|Any CPU.ActiveCfg = Release|Any CPU
		{BFEB8178-C535-1B47-DC7C-34E36552CD8D}.Release|Any CPU.Build.0 = Release|Any CPU
		{712F587C-FC4A-8601-E876-BF54E9CD8D44}.Debug|Any CPU.ActiveCfg = Debug|Any CPU
		{712F587C-FC4A-8601-E876-BF54E9CD8D44}.Debug|Any CPU.Build.0 = Debug|Any CPU
		{712F587C-FC4A-8601-E876-BF54E9CD8D44}.Release|Any CPU.ActiveCfg = Release|Any CPU
		{712F587C-FC4A-8601-E876-BF54E9CD8D44}.Release|Any CPU.Build.0 = Release|Any CPU
		{EA652B31-9E95-D867-3BE9-929A365E6961}.Debug|Any CPU.ActiveCfg = Debug|Any CPU
		{EA652B31-9E95-D867-3BE9-929A365E6961}.Debug|Any CPU.Build.0 = Debug|Any CPU
		{EA652B31-9E95-D867-3BE9-929A365E6961}.Release|Any CPU.ActiveCfg = Release|Any CPU
		{EA652B31-9E95-D867-3BE9-929A365E6961}.Release|Any CPU.Build.0 = Release|Any CPU
		{D8063828-EDEB-1357-68DB-6BFB33426413}.Debug|Any CPU.ActiveCfg = Debug|Any CPU
		{D8063828-EDEB-1357-68DB-6BFB33426413}.Debug|Any CPU.Build.0 = Debug|Any CPU
		{D8063828-EDEB-1357-68DB-6BFB33426413}.Release|Any CPU.ActiveCfg = Release|Any CPU
		{D8063828-EDEB-1357-68DB-6BFB33426413}.Release|Any CPU.Build.0 = Release|Any CPU
		{D281D58A-7E7B-64E0-2732-BAC02F41E3ED}.Debug|Any CPU.ActiveCfg = Debug|Any CPU
		{D281D58A-7E7B-64E0-2732-BAC02F41E3ED}.Debug|Any CPU.Build.0 = Debug|Any CPU
		{D281D58A-7E7B-64E0-2732-BAC02F41E3ED}.Release|Any CPU.ActiveCfg = Release|Any CPU
		{D281D58A-7E7B-64E0-2732-BAC02F41E3ED}.Release|Any CPU.Build.0 = Release|Any CPU
	EndGlobalSection
	GlobalSection(SolutionProperties) = preSolution
		HideSolutionNode = FALSE
	EndGlobalSection
EndGlobal
